
Microsoft Visual Studio Solution File, Format Version 12.00
# Visual Studio 15
VisualStudioVersion = 15.0.27130.2027
MinimumVisualStudioVersion = 10.0.40219.1
Project("{FAE04EC0-301F-11D3-BF4B-00C04F79EFBC}") = "SasaraVoice", "SasaraVoice\SasaraVoice.csproj", "{FDEAB52B-EF2F-4AF1-B0DF-3E24FA36CB39}"
EndProject
Global
	GlobalSection(SolutionConfigurationPlatforms) = preSolution
		Debug|Any CPU = Debug|Any CPU
		Release|Any CPU = Release|Any CPU
	EndGlobalSection
	GlobalSection(ProjectConfigurationPlatforms) = postSolution
		{FDEAB52B-EF2F-4AF1-B0DF-3E24FA36CB39}.Debug|Any CPU.ActiveCfg = Debug|Any CPU
		{FDEAB52B-EF2F-4AF1-B0DF-3E24FA36CB39}.Debug|Any CPU.Build.0 = Debug|Any CPU
		{FDEAB52B-EF2F-4AF1-B0DF-3E24FA36CB39}.Release|Any CPU.ActiveCfg = Release|Any CPU
		{FDEAB52B-EF2F-4AF1-B0DF-3E24FA36CB39}.Release|Any CPU.Build.0 = Release|Any CPU
	EndGlobalSection
	GlobalSection(SolutionProperties) = preSolution
		HideSolutionNode = FALSE
	EndGlobalSection
	GlobalSection(ExtensibilityGlobals) = postSolution
		SolutionGuid = {CC2F7E0B-1B98-4FC5-B819-C3AACA243A53}
	EndGlobalSection
EndGlobal
